version: 1.0
shards:
  ameba:
    github: veelenga/ameba
    version: 0.5.1

  crecto:
    github: fridgerator/crecto
    version: 0.8.5

  db:
    github: crystal-lang/crystal-db
    version: 0.5.0

  dispatch:
    github: bmulvihill/dispatch
    version: 0.1.0

  kemal:
    github: kemalcr/kemal
    version: 0.22.0

  kilt:
    github: jeromegn/kilt
    version: 0.4.0

  migrate:
    github: vladfaust/migrate.cr
    version: 0.1.1

  pg:
    github: will/crystal-pg
    version: 0.14.1

  quartz:
    github: andrewhamon/quartz
    version: 0.1.1

  radix:
    github: luislavena/radix
    version: 0.3.8

  sam:
    github: imdrasil/sam.cr
    version: 0.2.4

  time_format:
    github: vladfaust/time_format.cr
    version: 0.1.0

